
Microsoft Visual Studio Solution File, Format Version 12.00
# Visual Studio 15
VisualStudioVersion = 15.0.28010.2026
MinimumVisualStudioVersion = 10.0.40219.1
Project("{FAE04EC0-301F-11D3-BF4B-00C04F79EFBC}") = "CompanyService", "CompanyService\CompanyService.csproj", "{7F08933C-B4E3-4B91-961A-571730E583C6}"
EndProject
Project("{FAE04EC0-301F-11D3-BF4B-00C04F79EFBC}") = "CompanyServiceHost", "CompanyServiceHost\CompanyServiceHost.csproj", "{5BD29675-6FBD-47A4-AC41-215F2C76972F}"
EndProject
Global
	GlobalSection(SolutionConfigurationPlatforms) = preSolution
		Debug|Any CPU = Debug|Any CPU
		Release|Any CPU = Release|Any CPU
	EndGlobalSection
	GlobalSection(ProjectConfigurationPlatforms) = postSolution
		{7F08933C-B4E3-4B91-961A-571730E583C6}.Debug|Any CPU.ActiveCfg = Debug|Any CPU
		{7F08933C-B4E3-4B91-961A-571730E583C6}.Debug|Any CPU.Build.0 = Debug|Any CPU
		{7F08933C-B4E3-4B91-961A-571730E583C6}.Release|Any CPU.ActiveCfg = Release|Any CPU
		{7F08933C-B4E3-4B91-961A-571730E583C6}.Release|Any CPU.Build.0 = Release|Any CPU
		{5BD29675-6FBD-47A4-AC41-215F2C76972F}.Debug|Any CPU.ActiveCfg = Debug|Any CPU
		{5BD29675-6FBD-47A4-AC41-215F2C76972F}.Debug|Any CPU.Build.0 = Debug|Any CPU
		{5BD29675-6FBD-47A4-AC41-215F2C76972F}.Release|Any CPU.ActiveCfg = Release|Any CPU
		{5BD29675-6FBD-47A4-AC41-215F2C76972F}.Release|Any CPU.Build.0 = Release|Any CPU
	EndGlobalSection
	GlobalSection(SolutionProperties) = preSolution
		HideSolutionNode = FALSE
	EndGlobalSection
	GlobalSection(ExtensibilityGlobals) = postSolution
		SolutionGuid = {61A524D9-3D9A-4F86-8F69-C9F010F44FA4}
	EndGlobalSection
EndGlobal
